
Microsoft Visual Studio Solution File, Format Version 12.00
# Visual Studio 14
VisualStudioVersion = 14.0.25420.1
MinimumVisualStudioVersion = 10.0.40219.1
Project("{2150E333-8FDC-42A3-9474-1A3956D46DE8}") = "src", "src", "{DB1AA4FB-940B-4D54-9AD9-77CEF6A61F12}"
EndProject
Project("{2150E333-8FDC-42A3-9474-1A3956D46DE8}") = "Solution Items", "Solution Items", "{D8C67933-ED61-4959-95C1-53FF1BA95961}"
	ProjectSection(SolutionItems) = preProject
		global.json = global.json
	EndProjectSection
EndProject
Project("{8BB2217D-0F2D-49D1-97BC-3654ED321F3B}") = "PracticeTest7", "src\PracticeTest7\PracticeTest7.xproj", "{DD25B47A-4254-4570-B031-C4DACA582839}"
EndProject
Global
	GlobalSection(SolutionConfigurationPlatforms) = preSolution
		Debug|Any CPU = Debug|Any CPU
		Release|Any CPU = Release|Any CPU
	EndGlobalSection
	GlobalSection(ProjectConfigurationPlatforms) = postSolution
		{DD25B47A-4254-4570-B031-C4DACA582839}.Debug|Any CPU.ActiveCfg = Debug|Any CPU
		{DD25B47A-4254-4570-B031-C4DACA582839}.Debug|Any CPU.Build.0 = Debug|Any CPU
		{DD25B47A-4254-4570-B031-C4DACA582839}.Release|Any CPU.ActiveCfg = Release|Any CPU
		{DD25B47A-4254-4570-B031-C4DACA582839}.Release|Any CPU.Build.0 = Release|Any CPU
	EndGlobalSection
	GlobalSection(SolutionProperties) = preSolution
		HideSolutionNode = FALSE
	EndGlobalSection
	GlobalSection(NestedProjects) = preSolution
		{DD25B47A-4254-4570-B031-C4DACA582839} = {DB1AA4FB-940B-4D54-9AD9-77CEF6A61F12}
	EndGlobalSection
EndGlobal
