
Microsoft Visual Studio Solution File, Format Version 12.00
# Visual Studio 14
VisualStudioVersion = 14.0.25420.1
MinimumVisualStudioVersion = 10.0.40219.1
Project("{2150E333-8FDC-42A3-9474-1A3956D46DE8}") = "src", "src", "{6882EC3C-4BB0-40C2-A3AA-7E12849FD39D}"
EndProject
Project("{2150E333-8FDC-42A3-9474-1A3956D46DE8}") = "Solution Items", "Solution Items", "{745A0EB2-F5BF-4BE4-B458-7B19F1E96DD1}"
	ProjectSection(SolutionItems) = preProject
		global.json = global.json
	EndProjectSection
EndProject
Project("{8BB2217D-0F2D-49D1-97BC-3654ED321F3B}") = "LabSet1", "src\LabSet1\LabSet1.xproj", "{A203E5DC-AE91-40D0-9511-DF9AF237C023}"
EndProject
Global
	GlobalSection(SolutionConfigurationPlatforms) = preSolution
		Debug|Any CPU = Debug|Any CPU
		Release|Any CPU = Release|Any CPU
	EndGlobalSection
	GlobalSection(ProjectConfigurationPlatforms) = postSolution
		{A203E5DC-AE91-40D0-9511-DF9AF237C023}.Debug|Any CPU.ActiveCfg = Debug|Any CPU
		{A203E5DC-AE91-40D0-9511-DF9AF237C023}.Debug|Any CPU.Build.0 = Debug|Any CPU
		{A203E5DC-AE91-40D0-9511-DF9AF237C023}.Release|Any CPU.ActiveCfg = Release|Any CPU
		{A203E5DC-AE91-40D0-9511-DF9AF237C023}.Release|Any CPU.Build.0 = Release|Any CPU
	EndGlobalSection
	GlobalSection(SolutionProperties) = preSolution
		HideSolutionNode = FALSE
	EndGlobalSection
	GlobalSection(NestedProjects) = preSolution
		{A203E5DC-AE91-40D0-9511-DF9AF237C023} = {6882EC3C-4BB0-40C2-A3AA-7E12849FD39D}
	EndGlobalSection
EndGlobal
